# THIS IS AN AUTOGENERATED FILE. DO NOT EDIT THIS FILE DIRECTLY.
# yarn lockfile v1


prettier-plugin-md-nocjsp@^1.2.0:
  version "1.2.0"
  resolved "https://registry.yarnpkg.com/prettier-plugin-md-nocjsp/-/prettier-plugin-md-nocjsp-1.2.0.tgz#ad8fed862590c87bb2ad5e0b83dbb24d355ea2e8"
  integrity sha512-ShX2dd8XoE6bi1zlY3U4yKJl/MN5LIdMDjVr//n/Dy6vWOWZdMqSFYeA7qcETTfUj6bTP4VfULDcQbgaJcgJKg==

prettier@^2.6.2:
  version "2.6.2"
  resolved "https://registry.yarnpkg.com/prettier/-/prettier-2.6.2.tgz#e26d71a18a74c3d0f0597f55f01fb6c06c206032"
  integrity sha512-PkUpF+qoXTqhOeWL9fu7As8LXsIUZ1WYaJiY/a7McAQzxjk82OF0tibkFXVCDImZtWxbvojFjerkiLb0/q8mew==
